
Microsoft Visual Studio Solution File, Format Version 12.00
# Visual Studio 15
VisualStudioVersion = 15.0.27004.2005
MinimumVisualStudioVersion = 10.0.40219.1
Project("{FAE04EC0-301F-11D3-BF4B-00C04F79EFBC}") = "Assignment6", "Assignment6\Assignment6.csproj", "{F06169A2-24A8-4E9B-B1E1-9EEF2882DEA1}"
EndProject
Global
	GlobalSection(SolutionConfigurationPlatforms) = preSolution
		Debug|Any CPU = Debug|Any CPU
		Release|Any CPU = Release|Any CPU
	EndGlobalSection
	GlobalSection(ProjectConfigurationPlatforms) = postSolution
		{F06169A2-24A8-4E9B-B1E1-9EEF2882DEA1}.Debug|Any CPU.ActiveCfg = Debug|Any CPU
		{F06169A2-24A8-4E9B-B1E1-9EEF2882DEA1}.Debug|Any CPU.Build.0 = Debug|Any CPU
		{F06169A2-24A8-4E9B-B1E1-9EEF2882DEA1}.Release|Any CPU.ActiveCfg = Release|Any CPU
		{F06169A2-24A8-4E9B-B1E1-9EEF2882DEA1}.Release|Any CPU.Build.0 = Release|Any CPU
	EndGlobalSection
	GlobalSection(SolutionProperties) = preSolution
		HideSolutionNode = FALSE
	EndGlobalSection
	GlobalSection(ExtensibilityGlobals) = postSolution
		SolutionGuid = {0DDF4F30-70A8-4326-B145-6F557B699FD4}
	EndGlobalSection
EndGlobal
